
Microsoft Visual Studio Solution File, Format Version 12.00
# Visual Studio Version 16
VisualStudioVersion = 25.0.1706.7
MinimumVisualStudioVersion = 10.0.40219.1
Project("{FAE04EC0-301F-11D3-BF4B-00C04F79EFBC}") = "Pizza-And-Go-API", "Pizza-And-Go-API\Pizza-And-Go-API.csproj", "{ABF69ACF-E345-4136-97C5-0FC4DF627B6F}"
EndProject
Global
	GlobalSection(SolutionConfigurationPlatforms) = preSolution
		Debug|Any CPU = Debug|Any CPU
		Release|Any CPU = Release|Any CPU
	EndGlobalSection
	GlobalSection(ProjectConfigurationPlatforms) = postSolution
		{ABF69ACF-E345-4136-97C5-0FC4DF627B6F}.Debug|Any CPU.ActiveCfg = Debug|Any CPU
		{ABF69ACF-E345-4136-97C5-0FC4DF627B6F}.Debug|Any CPU.Build.0 = Debug|Any CPU
		{ABF69ACF-E345-4136-97C5-0FC4DF627B6F}.Release|Any CPU.ActiveCfg = Release|Any CPU
		{ABF69ACF-E345-4136-97C5-0FC4DF627B6F}.Release|Any CPU.Build.0 = Release|Any CPU
	EndGlobalSection
	GlobalSection(SolutionProperties) = preSolution
		HideSolutionNode = FALSE
	EndGlobalSection
	GlobalSection(ExtensibilityGlobals) = postSolution
		SolutionGuid = {47D66DF0-E0AA-467F-9782-6AAB930E993D}
	EndGlobalSection
EndGlobal
